
Microsoft Visual Studio Solution File, Format Version 12.00
# Visual Studio 15
VisualStudioVersion = 15.0.26228.4
MinimumVisualStudioVersion = 10.0.40219.1
Project("{2150E333-8FDC-42A3-9474-1A3956D46DE8}") = "src", "src", "{1118D931-FEBE-4A3C-853A-92BA9593A245}"
EndProject
Project("{2150E333-8FDC-42A3-9474-1A3956D46DE8}") = "test", "test", "{CFF0E2CB-FFCF-45E7-8668-181D8B0C5569}"
EndProject
Project("{2150E333-8FDC-42A3-9474-1A3956D46DE8}") = "Solution Items", "Solution Items", "{4B431716-EF74-41DF-B49B-69B015BD5E92}"
EndProject
Project("{FAE04EC0-301F-11D3-BF4B-00C04F79EFBC}") = "NetCore.Hosting", "src\NetCore.Hosting\NetCore.Hosting.csproj", "{148056E6-74B4-47CA-959C-D41BE277E497}"
EndProject
Global
	GlobalSection(SolutionConfigurationPlatforms) = preSolution
		Debug|Any CPU = Debug|Any CPU
		Release|Any CPU = Release|Any CPU
	EndGlobalSection
	GlobalSection(ProjectConfigurationPlatforms) = postSolution
		{148056E6-74B4-47CA-959C-D41BE277E497}.Debug|Any CPU.ActiveCfg = Debug|Any CPU
		{148056E6-74B4-47CA-959C-D41BE277E497}.Debug|Any CPU.Build.0 = Debug|Any CPU
		{148056E6-74B4-47CA-959C-D41BE277E497}.Release|Any CPU.ActiveCfg = Release|Any CPU
		{148056E6-74B4-47CA-959C-D41BE277E497}.Release|Any CPU.Build.0 = Release|Any CPU
	EndGlobalSection
	GlobalSection(SolutionProperties) = preSolution
		HideSolutionNode = FALSE
	EndGlobalSection
	GlobalSection(NestedProjects) = preSolution
		{148056E6-74B4-47CA-959C-D41BE277E497} = {1118D931-FEBE-4A3C-853A-92BA9593A245}
	EndGlobalSection
EndGlobal
